# @generated - this file is auto-generated by `mise lock` https://mise.jdx.dev/dev-tools/mise-lock.html

[[tools.python]]
version = "3.14.6"
backend = "core:python"

[tools.python."platforms.linux-arm64"]
checksum = "sha256:c2a2caa03aa9beb77a5bbb5a009c8fe77b96a56925da2dba18095237e30faf04"
url = "https://github.com/astral-sh/python-build-standalone/releases/download/20260718/cpython-3.14.6+20260718-aarch64-unknown-linux-gnu-install_only_stripped.tar.gz"
provenance = "github-attestations"

[tools.python."platforms.linux-arm64-musl"]
checksum = "sha256:ff7da86be2a3d7fdf0124da7b408ad2de3c7ca8d6c19e6c449ec2cddedd01a8b"
url = "https://github.com/astral-sh/python-build-standalone/releases/download/20260718/cpython-3.14.6+20260718-aarch64-unknown-linux-musl-install_only_stripped.tar.gz"
provenance = "github-attestations"

[tools.python."platforms.linux-x64"]
checksum = "sha256:86bf107f65fc30b56f2b263b26797fcbb1661f5315910cdbf27f733eb8738b74"
url = "https://github.com/astral-sh/python-build-standalone/releases/download/20260718/cpython-3.14.6+20260718-x86_64-unknown-linux-gnu-install_only_stripped.tar.gz"
provenance = "github-attestations"

[tools.python."platforms.linux-x64-musl"]
checksum = "sha256:2c27fc15bde497fbd78a8d5d38559ee1a8c93110952d5c2b390bc6481e2be415"
url = "https://github.com/astral-sh/python-build-standalone/releases/download/20260718/cpython-3.14.6+20260718-x86_64-unknown-linux-musl-install_only_stripped.tar.gz"
provenance = "github-attestations"

[tools.python."platforms.macos-arm64"]
checksum = "sha256:5e8e0746cb0108d138f510cfbb28c4b031b9ed63bbbe3e43a34c77d4663c4fa1"
url = "https://github.com/astral-sh/python-build-standalone/releases/download/20260718/cpython-3.14.6+20260718-aarch64-apple-darwin-install_only_stripped.tar.gz"
provenance = "github-attestations"

[tools.python."platforms.macos-x64"]
checksum = "sha256:2d03154bc83c6d2d048bba23bb808b020e352028f5bd541a740e54467fc9cc75"
url = "https://github.com/astral-sh/python-build-standalone/releases/download/20260718/cpython-3.14.6+20260718-x86_64-apple-darwin-install_only_stripped.tar.gz"
provenance = "github-attestations"

[tools.python."platforms.windows-x64"]
checksum = "sha256:0c5c9f231704fb49149bc8f2b9d9dbe43eeaf6c54f362ef0fc2066ce64b4d10f"
url = "https://github.com/astral-sh/python-build-standalone/releases/download/20260718/cpython-3.14.6+20260718-x86_64-pc-windows-msvc-install_only_stripped.tar.gz"
provenance = "github-attestations"

[[tools.terraform]]
version = "1.13.5"
backend = "aqua:hashicorp/terraform"

[tools.terraform."platforms.linux-arm64"]
checksum = "sha256:fc1ddcb403fb57e25bdbdceb1ef2b1a102650c01b4d65dd3410082d2ef8b4417"
url = "https://releases.hashicorp.com/terraform/1.13.5/terraform_1.13.5_linux_arm64.zip"

[tools.terraform."platforms.linux-arm64-musl"]
checksum = "sha256:fc1ddcb403fb57e25bdbdceb1ef2b1a102650c01b4d65dd3410082d2ef8b4417"
url = "https://releases.hashicorp.com/terraform/1.13.5/terraform_1.13.5_linux_arm64.zip"

[tools.terraform."platforms.linux-x64"]
checksum = "sha256:0dbe3fcc268eb670801af6a6456799d1ae26e72e73797f6c6167e18aafd1fd9a"
url = "https://releases.hashicorp.com/terraform/1.13.5/terraform_1.13.5_linux_amd64.zip"

[tools.terraform."platforms.linux-x64-musl"]
checksum = "sha256:0dbe3fcc268eb670801af6a6456799d1ae26e72e73797f6c6167e18aafd1fd9a"
url = "https://releases.hashicorp.com/terraform/1.13.5/terraform_1.13.5_linux_amd64.zip"

[tools.terraform."platforms.macos-arm64"]
checksum = "sha256:1bf942231235e7e1a4c38c6d7b820e54f526ac487f87d19f0c4a425c6ddb62cb"
url = "https://releases.hashicorp.com/terraform/1.13.5/terraform_1.13.5_darwin_arm64.zip"

[tools.terraform."platforms.macos-x64"]
checksum = "sha256:92f76865230cbe6bb747e49cb3dc5b44a054324bbdd1a080bb127b326b94c404"
url = "https://releases.hashicorp.com/terraform/1.13.5/terraform_1.13.5_darwin_amd64.zip"

[tools.terraform."platforms.windows-x64"]
checksum = "sha256:73f97943c93f268ae2c645b2a737d552175aa64d00a5c8b8f5ccc5831c033c8a"
url = "https://releases.hashicorp.com/terraform/1.13.5/terraform_1.13.5_windows_amd64.zip"

[[tools.tflint]]
version = "0.63.1"
backend = "aqua:terraform-linters/tflint"

[tools.tflint."platforms.linux-arm64"]
checksum = "sha256:6d858ca7f11858c3fe3c5e29cc746823abccb55e2d2e2da130fa7ad7ea4eecb8"
url = "https://github.com/terraform-linters/tflint/releases/download/v0.63.1/tflint_linux_arm64.zip"
url_api = "https://api.github.com/repos/terraform-linters/tflint/releases/assets/437446187"
provenance = "github-attestations"

[tools.tflint."platforms.linux-arm64-musl"]
checksum = "sha256:6d858ca7f11858c3fe3c5e29cc746823abccb55e2d2e2da130fa7ad7ea4eecb8"
url = "https://github.com/terraform-linters/tflint/releases/download/v0.63.1/tflint_linux_arm64.zip"
url_api = "https://api.github.com/repos/terraform-linters/tflint/releases/assets/437446187"
provenance = "github-attestations"

[tools.tflint."platforms.linux-x64"]
checksum = "sha256:8441a7d97df20431f19c9b9d27ff4c63e308c964e86660bc7cc0cf7bbe0725e8"
url = "https://github.com/terraform-linters/tflint/releases/download/v0.63.1/tflint_linux_amd64.zip"
url_api = "https://api.github.com/repos/terraform-linters/tflint/releases/assets/437446150"
provenance = "github-attestations"

[tools.tflint."platforms.linux-x64-musl"]
checksum = "sha256:8441a7d97df20431f19c9b9d27ff4c63e308c964e86660bc7cc0cf7bbe0725e8"
url = "https://github.com/terraform-linters/tflint/releases/download/v0.63.1/tflint_linux_amd64.zip"
url_api = "https://api.github.com/repos/terraform-linters/tflint/releases/assets/437446150"
provenance = "github-attestations"

[tools.tflint."platforms.macos-arm64"]
checksum = "sha256:6aab157b22367dcab1635b370e98d6e791d9b40b021d4f9baef010d88f53e16b"
url = "https://github.com/terraform-linters/tflint/releases/download/v0.63.1/tflint_darwin_arm64.zip"
url_api = "https://api.github.com/repos/terraform-linters/tflint/releases/assets/437446148"
provenance = "github-attestations"

[tools.tflint."platforms.macos-x64"]
checksum = "sha256:1a22782473e4a01f0dd23edc649bed4420655a9e3459ffc06951e698eed7ad01"
url = "https://github.com/terraform-linters/tflint/releases/download/v0.63.1/tflint_darwin_amd64.zip"
url_api = "https://api.github.com/repos/terraform-linters/tflint/releases/assets/437446152"
provenance = "github-attestations"

[tools.tflint."platforms.windows-x64"]
checksum = "sha256:5fbfb643b83c4ad489bde15a0e0d46e53dc9aa8dfa76d25da3c4bd2698a41a19"
url = "https://github.com/terraform-linters/tflint/releases/download/v0.63.1/tflint_windows_amd64.zip"
url_api = "https://api.github.com/repos/terraform-linters/tflint/releases/assets/437446181"
provenance = "github-attestations"
